
Microsoft Visual Studio Solution File, Format Version 12.00
# Visual Studio Version 16
VisualStudioVersion = 16.0.28407.52
MinimumVisualStudioVersion = 10.0.40219.1
Project("{FAE04EC0-301F-11D3-BF4B-00C04F79EFBC}") = "VrcPlayspaceMover", "VrcPlayspaceMover\VrcPlayspaceMover.csproj", "{C1A4D4E5-3D52-4260-B782-C7F252DB0067}"
EndProject
Global
	GlobalSection(SolutionConfigurationPlatforms) = preSolution
		Debug|Any CPU = Debug|Any CPU
		Release|Any CPU = Release|Any CPU
	EndGlobalSection
	GlobalSection(ProjectConfigurationPlatforms) = postSolution
		{C1A4D4E5-3D52-4260-B782-C7F252DB0067}.Debug|Any CPU.ActiveCfg = Debug|Any CPU
		{C1A4D4E5-3D52-4260-B782-C7F252DB0067}.Debug|Any CPU.Build.0 = Debug|Any CPU
		{C1A4D4E5-3D52-4260-B782-C7F252DB0067}.Release|Any CPU.ActiveCfg = Release|Any CPU
		{C1A4D4E5-3D52-4260-B782-C7F252DB0067}.Release|Any CPU.Build.0 = Release|Any CPU
	EndGlobalSection
	GlobalSection(SolutionProperties) = preSolution
		HideSolutionNode = FALSE
	EndGlobalSection
	GlobalSection(ExtensibilityGlobals) = postSolution
		SolutionGuid = {293517D8-2B03-467E-8EEA-B3629BF18C67}
	EndGlobalSection
EndGlobal
